Microsoft Visual Studio Solution File, Format Version 12.00
# Visual Studio 15
VisualStudioVersion = 15.0.28307.421
MinimumVisualStudioVersion = 10.0.40219.1
Project("{2150E333-8FDC-42A3-9474-1A3956D46DE8}") = "src", "src", "{C97E4629-DD1B-41B5-B822-F81AF34A51B0}"
EndProject
Project("{2150E333-8FDC-42A3-9474-1A3956D46DE8}") = "tests", "tests", "{BC7988B5-BC90-4420-AE6B-DED96EED57A7}"
EndProject
Project("{2150E333-8FDC-42A3-9474-1A3956D46DE8}") = "items", "items", "{9413920E-8429-4C34-BA1D-B36929F19B38}"
EndProject
Project("{2150E333-8FDC-42A3-9474-1A3956D46DE8}") = "2 - Core", "2 - Core", "{DC476481-AD14-4308-B6D9-F43349AD41DD}"
EndProject
Project("{2150E333-8FDC-42A3-9474-1A3956D46DE8}") = "1 - Service", "1 - Service", "{BC530144-E517-4BB7-B43B-6CD597588CCE}"
EndProject
Project("{2150E333-8FDC-42A3-9474-1A3956D46DE8}") = "3 - Infraestructure", "3 - Infraestructure", "{13121E00-C90A-4368-9CF3-B2862C2C2CC8}"
EndProject
Project("{9A19103F-16F7-4668-BE54-9A1E7A4F7556}") = "Infrastructure", "src\Infrastructure\Infrastructure.csproj", "{7BB35EDF-7788-4AE6-89B7-16F05B37BEF3}"
EndProject
Project("{9A19103F-16F7-4668-BE54-9A1E7A4F7556}") = "Core", "src\Core\Core.csproj", "{AD39F151-7099-4ABA-9243-F27653A994C9}"
EndProject
Project("{9A19103F-16F7-4668-BE54-9A1E7A4F7556}") = "Function", "src\Function\Function.csproj", "{565FDD0F-0E75-463B-9BD4-1AEB1A844A6D}"
EndProject
Project("{2150E333-8FDC-42A3-9474-1A3956D46DE8}") = "1 - Functional", "1 - Functional", "{C0B2BA84-DE7E-4103-9619-900031061C3E}"
EndProject
Project("{2150E333-8FDC-42A3-9474-1A3956D46DE8}") = "2 - Integration", "2 - Integration", "{BD24546E-94A4-4587-831C-71CFC56BB95F}"
EndProject
Project("{2150E333-8FDC-42A3-9474-1A3956D46DE8}") = "3 - Unit", "3 - Unit", "{5BC764BC-99E6-400A-989B-2521943DB3BD}"
EndProject
Project("{9A19103F-16F7-4668-BE54-9A1E7A4F7556}") = "Core.Unit.Tests", "test\Core.Unit.Tests\Core.Unit.Tests.csproj", "{E7195FC0-11A3-4DD9-9BBD-FF241CE19309}"
EndProject
Project("{9A19103F-16F7-4668-BE54-9A1E7A4F7556}") = "Function.Unit.Tests", "test\Function.Unit.Tests\Function.Unit.Tests.csproj", "{6F5BB178-7436-428A-8A35-2733F2A04A16}"
EndProject
Project("{9A19103F-16F7-4668-BE54-9A1E7A4F7556}") = "Infrastructure.Unit.Tests", "test\Infrastructure.Unit.Tests\Infrastructure.Unit.Tests.csproj", "{53F29E5A-CF83-47C4-97FA-81C57CBB44AD}"
EndProject
Project("{9A19103F-16F7-4668-BE54-9A1E7A4F7556}") = "Function.Integration.Tests", "test\Function.Integration.Tests\Function.Integration.Tests.csproj", "{02513124-04BD-43C4-9509-CD420194A7B4}"
EndProject
Project("{9A19103F-16F7-4668-BE54-9A1E7A4F7556}") = "Infrastructure.IoC", "src\Infrastructure.IoC\Infrastructure.IoC.csproj", "{1A5765A4-667E-43FA-8D6F-D9AC67F95038}"
EndProject
Project("{2150E333-8FDC-42A3-9474-1A3956D46DE8}") = ".nuget", ".nuget", "{9D186710-EE69-4FCA-93BB-F752CBB9F006}"
	ProjectSection(SolutionItems) = preProject
		NuGet.config = NuGet.config
	EndProjectSection
EndProject
Project("{2150E333-8FDC-42A3-9474-1A3956D46DE8}") = ".project", ".project", "{C5033212-28CF-402B-BD1C-DC76F6B01BD1}"
	ProjectSection(SolutionItems) = preProject
		.gitattributes = .gitattributes
		src\Function\.gitignore = src\Function\.gitignore
	EndProjectSection
EndProject
Project("{2150E333-8FDC-42A3-9474-1A3956D46DE8}") = ".quality", ".quality", "{202ADA1F-D754-4790-9DF6-6BAD3FC38BC3}"
	ProjectSection(SolutionItems) = preProject
		items\ca.ruleset = items\ca.ruleset
		sonarq-analyze.bat = sonarq-analyze.bat
		items\stylecop.json = items\stylecop.json
	EndProjectSection
EndProject
Project("{2150E333-8FDC-42A3-9474-1A3956D46DE8}") = "4 - Plugin", "4 - Plugin", "{391CF67A-6CA0-4F6C-BFB1-144C424842E2}"
EndProject
Project("{2150E333-8FDC-42A3-9474-1A3956D46DE8}") = "5 - SharedKernel", "5 - SharedKernel", "{9C7838C4-9E63-4882-9C02-9AA91CBF90CE}"
EndProject
Project("{9A19103F-16F7-4668-BE54-9A1E7A4F7556}") = "Plugin.Database", "src\Plugin.Database\Plugin.Database.csproj", "{5901B67D-2955-43FC-805C-77657DDAAC50}"
EndProject
Project("{9A19103F-16F7-4668-BE54-9A1E7A4F7556}") = "Plugin.Database.SqlServer", "src\Plugin.Database.SqlServer\Plugin.Database.SqlServer.csproj", "{880DE8BB-EDC9-49E1-97F3-E7E12EA60585}"
EndProject
Project("{9A19103F-16F7-4668-BE54-9A1E7A4F7556}") = "Plugin.Event", "src\Plugin.Event\Plugin.Event.csproj", "{98CA9AD6-828E-4E71-9DB6-8B86A94201C9}"
EndProject
Project("{9A19103F-16F7-4668-BE54-9A1E7A4F7556}") = "Plugin.Logger", "src\Plugin.Logger\Plugin.Logger.csproj", "{DFFBA10D-9E72-49FE-9AC6-D12EB4F027B3}"
EndProject
Project("{9A19103F-16F7-4668-BE54-9A1E7A4F7556}") = "SharedKernel.Core", "src\SharedKernel.Core\SharedKernel.Core.csproj", "{A2FCE3D3-D1B0-4A3D-B163-A6A7A0911E51}"
EndProject
Project("{9A19103F-16F7-4668-BE54-9A1E7A4F7556}") = "SharedKernel.Function", "src\SharedKernel.Function\SharedKernel.Function.csproj", "{11F0CB09-F6C9-4DA2-AB1F-CA9FAA2EE129}"
EndProject
Project("{9A19103F-16F7-4668-BE54-9A1E7A4F7556}") = "SharedKernel.Infrastructure", "src\SharedKernel.Infrastructure\SharedKernel.Infrastructure.csproj", "{422B7E7C-91C3-43A9-B1DC-76863DB40D4B}"
EndProject
Project("{9A19103F-16F7-4668-BE54-9A1E7A4F7556}") = "SharedKernel.Infrastructure.IoC", "src\SharedKernel.Infrastructure.IoC\SharedKernel.Infrastructure.IoC.csproj", "{54640331-24DE-468C-BA2C-72F429CA610E}"
EndProject
Project("{9A19103F-16F7-4668-BE54-9A1E7A4F7556}") = "Plugin.Event.EventHub", "src\Plugin.Event.EventHub\Plugin.Event.EventHub.csproj", "{A02C9657-C520-40CC-8BD1-AD242F860417}"
EndProject
Global
	GlobalSection(SolutionConfigurationPlatforms) = preSolution
		Debug|Any CPU = Debug|Any CPU
		Release|Any CPU = Release|Any CPU
	EndGlobalSection
	GlobalSection(ProjectConfigurationPlatforms) = postSolution
		{7BB35EDF-7788-4AE6-89B7-16F05B37BEF3}.Debug|Any CPU.ActiveCfg = Debug|Any CPU
		{7BB35EDF-7788-4AE6-89B7-16F05B37BEF3}.Debug|Any CPU.Build.0 = Debug|Any CPU
		{7BB35EDF-7788-4AE6-89B7-16F05B37BEF3}.Release|Any CPU.ActiveCfg = Release|Any CPU
		{7BB35EDF-7788-4AE6-89B7-16F05B37BEF3}.Release|Any CPU.Build.0 = Release|Any CPU
		{AD39F151-7099-4ABA-9243-F27653A994C9}.Debug|Any CPU.ActiveCfg = Debug|Any CPU
		{AD39F151-7099-4ABA-9243-F27653A994C9}.Debug|Any CPU.Build.0 = Debug|Any CPU
		{AD39F151-7099-4ABA-9243-F27653A994C9}.Release|Any CPU.ActiveCfg = Release|Any CPU
		{AD39F151-7099-4ABA-9243-F27653A994C9}.Release|Any CPU.Build.0 = Release|Any CPU
		{565FDD0F-0E75-463B-9BD4-1AEB1A844A6D}.Debug|Any CPU.ActiveCfg = Debug|Any CPU
		{565FDD0F-0E75-463B-9BD4-1AEB1A844A6D}.Debug|Any CPU.Build.0 = Debug|Any CPU
		{565FDD0F-0E75-463B-9BD4-1AEB1A844A6D}.Release|Any CPU.ActiveCfg = Release|Any CPU
		{565FDD0F-0E75-463B-9BD4-1AEB1A844A6D}.Release|Any CPU.Build.0 = Release|Any CPU
		{E7195FC0-11A3-4DD9-9BBD-FF241CE19309}.Debug|Any CPU.ActiveCfg = Debug|Any CPU
		{E7195FC0-11A3-4DD9-9BBD-FF241CE19309}.Debug|Any CPU.Build.0 = Debug|Any CPU
		{E7195FC0-11A3-4DD9-9BBD-FF241CE19309}.Release|Any CPU.ActiveCfg = Release|Any CPU
		{E7195FC0-11A3-4DD9-9BBD-FF241CE19309}.Release|Any CPU.Build.0 = Release|Any CPU
		{6F5BB178-7436-428A-8A35-2733F2A04A16}.Debug|Any CPU.ActiveCfg = Debug|Any CPU
		{6F5BB178-7436-428A-8A35-2733F2A04A16}.Debug|Any CPU.Build.0 = Debug|Any CPU
		{6F5BB178-7436-428A-8A35-2733F2A04A16}.Release|Any CPU.ActiveCfg = Release|Any CPU
		{6F5BB178-7436-428A-8A35-2733F2A04A16}.Release|Any CPU.Build.0 = Release|Any CPU
		{53F29E5A-CF83-47C4-97FA-81C57CBB44AD}.Debug|Any CPU.ActiveCfg = Debug|Any CPU
		{53F29E5A-CF83-47C4-97FA-81C57CBB44AD}.Debug|Any CPU.Build.0 = Debug|Any CPU
		{53F29E5A-CF83-47C4-97FA-81C57CBB44AD}.Release|Any CPU.ActiveCfg = Release|Any CPU
		{53F29E5A-CF83-47C4-97FA-81C57CBB44AD}.Release|Any CPU.Build.0 = Release|Any CPU
		{02513124-04BD-43C4-9509-CD420194A7B4}.Debug|Any CPU.ActiveCfg = Debug|Any CPU
		{02513124-04BD-43C4-9509-CD420194A7B4}.Debug|Any CPU.Build.0 = Debug|Any CPU
		{02513124-04BD-43C4-9509-CD420194A7B4}.Release|Any CPU.ActiveCfg = Release|Any CPU
		{02513124-04BD-43C4-9509-CD420194A7B4}.Release|Any CPU.Build.0 = Release|Any CPU
		{1A5765A4-667E-43FA-8D6F-D9AC67F95038}.Debug|Any CPU.ActiveCfg = Debug|Any CPU
		{1A5765A4-667E-43FA-8D6F-D9AC67F95038}.Debug|Any CPU.Build.0 = Debug|Any CPU
		{1A5765A4-667E-43FA-8D6F-D9AC67F95038}.Release|Any CPU.ActiveCfg = Release|Any CPU
		{1A5765A4-667E-43FA-8D6F-D9AC67F95038}.Release|Any CPU.Build.0 = Release|Any CPU
		{5901B67D-2955-43FC-805C-77657DDAAC50}.Debug|Any CPU.ActiveCfg = Debug|Any CPU
		{5901B67D-2955-43FC-805C-77657DDAAC50}.Debug|Any CPU.Build.0 = Debug|Any CPU
		{5901B67D-2955-43FC-805C-77657DDAAC50}.Release|Any CPU.ActiveCfg = Release|Any CPU
		{5901B67D-2955-43FC-805C-77657DDAAC50}.Release|Any CPU.Build.0 = Release|Any CPU
		{880DE8BB-EDC9-49E1-97F3-E7E12EA60585}.Debug|Any CPU.ActiveCfg = Debug|Any CPU
		{880DE8BB-EDC9-49E1-97F3-E7E12EA60585}.Debug|Any CPU.Build.0 = Debug|Any CPU
		{880DE8BB-EDC9-49E1-97F3-E7E12EA60585}.Release|Any CPU.ActiveCfg = Release|Any CPU
		{880DE8BB-EDC9-49E1-97F3-E7E12EA60585}.Release|Any CPU.Build.0 = Release|Any CPU
		{98CA9AD6-828E-4E71-9DB6-8B86A94201C9}.Debug|Any CPU.ActiveCfg = Debug|Any CPU
		{98CA9AD6-828E-4E71-9DB6-8B86A94201C9}.Debug|Any CPU.Build.0 = Debug|Any CPU
		{98CA9AD6-828E-4E71-9DB6-8B86A94201C9}.Release|Any CPU.ActiveCfg = Release|Any CPU
		{98CA9AD6-828E-4E71-9DB6-8B86A94201C9}.Release|Any CPU.Build.0 = Release|Any CPU
		{DFFBA10D-9E72-49FE-9AC6-D12EB4F027B3}.Debug|Any CPU.ActiveCfg = Debug|Any CPU
		{DFFBA10D-9E72-49FE-9AC6-D12EB4F027B3}.Debug|Any CPU.Build.0 = Debug|Any CPU
		{DFFBA10D-9E72-49FE-9AC6-D12EB4F027B3}.Release|Any CPU.ActiveCfg = Release|Any CPU
		{DFFBA10D-9E72-49FE-9AC6-D12EB4F027B3}.Release|Any CPU.Build.0 = Release|Any CPU
		{A2FCE3D3-D1B0-4A3D-B163-A6A7A0911E51}.Debug|Any CPU.ActiveCfg = Debug|Any CPU
		{A2FCE3D3-D1B0-4A3D-B163-A6A7A0911E51}.Debug|Any CPU.Build.0 = Debug|Any CPU
		{A2FCE3D3-D1B0-4A3D-B163-A6A7A0911E51}.Release|Any CPU.ActiveCfg = Release|Any CPU
		{A2FCE3D3-D1B0-4A3D-B163-A6A7A0911E51}.Release|Any CPU.Build.0 = Release|Any CPU
		{11F0CB09-F6C9-4DA2-AB1F-CA9FAA2EE129}.Debug|Any CPU.ActiveCfg = Debug|Any CPU
		{11F0CB09-F6C9-4DA2-AB1F-CA9FAA2EE129}.Debug|Any CPU.Build.0 = Debug|Any CPU
		{11F0CB09-F6C9-4DA2-AB1F-CA9FAA2EE129}.Release|Any CPU.ActiveCfg = Release|Any CPU
		{11F0CB09-F6C9-4DA2-AB1F-CA9FAA2EE129}.Release|Any CPU.Build.0 = Release|Any CPU
		{422B7E7C-91C3-43A9-B1DC-76863DB40D4B}.Debug|Any CPU.ActiveCfg = Debug|Any CPU
		{422B7E7C-91C3-43A9-B1DC-76863DB40D4B}.Debug|Any CPU.Build.0 = Debug|Any CPU
		{422B7E7C-91C3-43A9-B1DC-76863DB40D4B}.Release|Any CPU.ActiveCfg = Release|Any CPU
		{422B7E7C-91C3-43A9-B1DC-76863DB40D4B}.Release|Any CPU.Build.0 = Release|Any CPU
		{54640331-24DE-468C-BA2C-72F429CA610E}.Debug|Any CPU.ActiveCfg = Debug|Any CPU
		{54640331-24DE-468C-BA2C-72F429CA610E}.Debug|Any CPU.Build.0 = Debug|Any CPU
		{54640331-24DE-468C-BA2C-72F429CA610E}.Release|Any CPU.ActiveCfg = Release|Any CPU
		{54640331-24DE-468C-BA2C-72F429CA610E}.Release|Any CPU.Build.0 = Release|Any CPU
		{A02C9657-C520-40CC-8BD1-AD242F860417}.Debug|Any CPU.ActiveCfg = Debug|Any CPU
		{A02C9657-C520-40CC-8BD1-AD242F860417}.Debug|Any CPU.Build.0 = Debug|Any CPU
		{A02C9657-C520-40CC-8BD1-AD242F860417}.Release|Any CPU.ActiveCfg = Release|Any CPU
		{A02C9657-C520-40CC-8BD1-AD242F860417}.Release|Any CPU.Build.0 = Release|Any CPU
	EndGlobalSection
	GlobalSection(SolutionProperties) = preSolution
		HideSolutionNode = FALSE
	EndGlobalSection
	GlobalSection(NestedProjects) = preSolution
		{DC476481-AD14-4308-B6D9-F43349AD41DD} = {C97E4629-DD1B-41B5-B822-F81AF34A51B0}
		{BC530144-E517-4BB7-B43B-6CD597588CCE} = {C97E4629-DD1B-41B5-B822-F81AF34A51B0}
		{13121E00-C90A-4368-9CF3-B2862C2C2CC8} = {C97E4629-DD1B-41B5-B822-F81AF34A51B0}
		{7BB35EDF-7788-4AE6-89B7-16F05B37BEF3} = {13121E00-C90A-4368-9CF3-B2862C2C2CC8}
		{AD39F151-7099-4ABA-9243-F27653A994C9} = {DC476481-AD14-4308-B6D9-F43349AD41DD}
		{565FDD0F-0E75-463B-9BD4-1AEB1A844A6D} = {BC530144-E517-4BB7-B43B-6CD597588CCE}
		{C0B2BA84-DE7E-4103-9619-900031061C3E} = {BC7988B5-BC90-4420-AE6B-DED96EED57A7}
		{BD24546E-94A4-4587-831C-71CFC56BB95F} = {BC7988B5-BC90-4420-AE6B-DED96EED57A7}
		{5BC764BC-99E6-400A-989B-2521943DB3BD} = {BC7988B5-BC90-4420-AE6B-DED96EED57A7}
		{E7195FC0-11A3-4DD9-9BBD-FF241CE19309} = {5BC764BC-99E6-400A-989B-2521943DB3BD}
		{6F5BB178-7436-428A-8A35-2733F2A04A16} = {5BC764BC-99E6-400A-989B-2521943DB3BD}
		{53F29E5A-CF83-47C4-97FA-81C57CBB44AD} = {5BC764BC-99E6-400A-989B-2521943DB3BD}
		{02513124-04BD-43C4-9509-CD420194A7B4} = {BD24546E-94A4-4587-831C-71CFC56BB95F}
		{1A5765A4-667E-43FA-8D6F-D9AC67F95038} = {13121E00-C90A-4368-9CF3-B2862C2C2CC8}
		{9D186710-EE69-4FCA-93BB-F752CBB9F006} = {9413920E-8429-4C34-BA1D-B36929F19B38}
		{C5033212-28CF-402B-BD1C-DC76F6B01BD1} = {9413920E-8429-4C34-BA1D-B36929F19B38}
		{202ADA1F-D754-4790-9DF6-6BAD3FC38BC3} = {9413920E-8429-4C34-BA1D-B36929F19B38}
		{391CF67A-6CA0-4F6C-BFB1-144C424842E2} = {C97E4629-DD1B-41B5-B822-F81AF34A51B0}
		{9C7838C4-9E63-4882-9C02-9AA91CBF90CE} = {C97E4629-DD1B-41B5-B822-F81AF34A51B0}
		{5901B67D-2955-43FC-805C-77657DDAAC50} = {391CF67A-6CA0-4F6C-BFB1-144C424842E2}
		{880DE8BB-EDC9-49E1-97F3-E7E12EA60585} = {391CF67A-6CA0-4F6C-BFB1-144C424842E2}
		{98CA9AD6-828E-4E71-9DB6-8B86A94201C9} = {391CF67A-6CA0-4F6C-BFB1-144C424842E2}
		{DFFBA10D-9E72-49FE-9AC6-D12EB4F027B3} = {391CF67A-6CA0-4F6C-BFB1-144C424842E2}
		{A2FCE3D3-D1B0-4A3D-B163-A6A7A0911E51} = {9C7838C4-9E63-4882-9C02-9AA91CBF90CE}
		{11F0CB09-F6C9-4DA2-AB1F-CA9FAA2EE129} = {9C7838C4-9E63-4882-9C02-9AA91CBF90CE}
		{422B7E7C-91C3-43A9-B1DC-76863DB40D4B} = {9C7838C4-9E63-4882-9C02-9AA91CBF90CE}
		{54640331-24DE-468C-BA2C-72F429CA610E} = {9C7838C4-9E63-4882-9C02-9AA91CBF90CE}
		{A02C9657-C520-40CC-8BD1-AD242F860417} = {391CF67A-6CA0-4F6C-BFB1-144C424842E2}
	EndGlobalSection
	GlobalSection(ExtensibilityGlobals) = postSolution
		SolutionGuid = {CF6BA0A0-B91D-4C30-8D69-B4D4FB8B4DB3}
	EndGlobalSection
EndGlobal
